
Microsoft Visual Studio Solution File, Format Version 12.00
# Visual Studio Version 16
VisualStudioVersion = 16.0.30204.135
MinimumVisualStudioVersion = 10.0.40219.1
Project("{FAE04EC0-301F-11D3-BF4B-00C04F79EFBC}") = "RecruitingBot", "src/RecruitingBot.csproj", "{4385DD29-D2ED-470B-9DD4-360B9C7DF11E}"
EndProject
Global
	GlobalSection(SolutionConfigurationPlatforms) = preSolution
		Debug|Any CPU = Debug|Any CPU
		Release|Any CPU = Release|Any CPU
	EndGlobalSection
	GlobalSection(ProjectConfigurationPlatforms) = postSolution
		{4385DD29-D2ED-470B-9DD4-360B9C7DF11E}.Debug|Any CPU.ActiveCfg = Debug|Any CPU
		{4385DD29-D2ED-470B-9DD4-360B9C7DF11E}.Debug|Any CPU.Build.0 = Debug|Any CPU
		{4385DD29-D2ED-470B-9DD4-360B9C7DF11E}.Release|Any CPU.ActiveCfg = Release|Any CPU
		{4385DD29-D2ED-470B-9DD4-360B9C7DF11E}.Release|Any CPU.Build.0 = Release|Any CPU
	EndGlobalSection
	GlobalSection(SolutionProperties) = preSolution
		HideSolutionNode = FALSE
	EndGlobalSection
	GlobalSection(ExtensibilityGlobals) = postSolution
		SolutionGuid = {A166D6C6-EB76-445C-96FB-0DF9BF366D4E}
	EndGlobalSection
EndGlobal
